Microsoft Visual Studio Solution File, Format Version 12.00
# Visual Studio Version 17
VisualStudioVersion = 17.5.2.0
MinimumVisualStudioVersion = 10.0.40219.1
Project("{2150E333-8FDC-42A3-9474-1A3956D46DE8}") = "dotnet-operator-console", "dotnet-operator-console", "{529BAA94-BC3A-410E-DE77-A4EBC7F9C57C}"
EndProject
Project("{FAE04EC0-301F-11D3-BF4B-00C04F79EFBC}") = "OperatorConsole", "dotnet-operator-console\OperatorConsole.csproj", "{9FC18C2B-764A-E3FC-AE2E-9AED655093D7}"
EndProject
Global
	GlobalSection(SolutionConfigurationPlatforms) = preSolution
		Debug|Any CPU = Debug|Any CPU
		Release|Any CPU = Release|Any CPU
	EndGlobalSection
	GlobalSection(ProjectConfigurationPlatforms) = postSolution
		{9FC18C2B-764A-E3FC-AE2E-9AED655093D7}.Debug|Any CPU.ActiveCfg = Debug|Any CPU
		{9FC18C2B-764A-E3FC-AE2E-9AED655093D7}.Debug|Any CPU.Build.0 = Debug|Any CPU
		{9FC18C2B-764A-E3FC-AE2E-9AED655093D7}.Release|Any CPU.ActiveCfg = Release|Any CPU
		{9FC18C2B-764A-E3FC-AE2E-9AED655093D7}.Release|Any CPU.Build.0 = Release|Any CPU
	EndGlobalSection
	GlobalSection(SolutionProperties) = preSolution
		HideSolutionNode = FALSE
	EndGlobalSection
	GlobalSection(NestedProjects) = preSolution
		{9FC18C2B-764A-E3FC-AE2E-9AED655093D7} = {529BAA94-BC3A-410E-DE77-A4EBC7F9C57C}
	EndGlobalSection
	GlobalSection(ExtensibilityGlobals) = postSolution
		SolutionGuid = {9B6D948C-660B-4E13-98D1-2A29C20320CF}
	EndGlobalSection
EndGlobal
